{
  "name": "compose-lynx-bundle-cli",
  "version": "0.1.0",
  "lockfileVersion": 3,
  "requires": true,
  "packages": {
    "": {
      "name": "compose-lynx-bundle-cli",
      "version": "0.1.0",
      "dependencies": {
        "@lynx-js/tasm": "0.0.20",
        "@lynx-js/types": "3.7.0"
      },
      "devDependencies": {
        "@types/node": "20.17.30",
        "typescript": "5.8.3"
      }
    },
    "node_modules/@lynx-js/tasm": {
      "version": "0.0.20",
      "resolved": "https://bnpm.byted.org/@lynx-js/tasm/-/tasm-0.0.20.tgz",
      "integrity": "sha512-ezMq43s59jqFuQ1YygpsUuZmGXw4XH+00RsB5RVmkYZuHQxEaLt/ECTOixF+9RixvAyhmxzF2eSURvmNckO9xg==",
      "license": "Apache-2.0"
    },
    "node_modules/@lynx-js/types": {
      "version": "3.7.0",
      "resolved": "https://bnpm.byted.org/@lynx-js/types/-/types-3.7.0.tgz",
      "integrity": "sha512-VEcz5HBJ8m938In1VJj2phR06cWyT0Tx+HnwBJrPINiuWPjN9YfrPl1lX87XWr3eMDhKZY+6F+5eFpJ7JFgjXw==",
      "license": "Apache-2.0",
      "dependencies": {
        "csstype": "3.1.3"
      }
    },
    "node_modules/@types/node": {
      "version": "20.17.30",
      "resolved": "https://bnpm.byted.org/@types/node/-/node-20.17.30.tgz",
      "integrity": "sha512-7zf4YyHA+jvBNfVrk2Gtvs6x7E8V+YDW05bNfG2XkWDJfYRXrTiP/DsB2zSYTaHX0bGIujTBQdMVAhb+j7mwpg==",
      "dev": true,
      "license": "MIT",
      "dependencies": {
        "undici-types": "~6.19.2"
      }
    },
    "node_modules/csstype": {
      "version": "3.1.3",
      "resolved": "https://bnpm.byted.org/csstype/-/csstype-3.1.3.tgz",
      "integrity": "sha512-M1uQkMl8rQK/szD0LNhtqxIPLpimGm8sOBwU7lLnCpSbTyY3yeU1Vc7l4KT5zT4s/yOxHH5O7tIuuLOCnLADRw==",
      "license": "MIT"
    },
    "node_modules/typescript": {
      "version": "5.8.3",
      "resolved": "https://bnpm.byted.org/typescript/-/typescript-5.8.3.tgz",
      "integrity": "sha512-p1diW6TqL9L07nNxvRMM7hMMw4c5XOo/1ibL4aAIGmSAt9slTE1Xgw5KWuof2uTOvCg9BY7ZRi+GaF+7sfgPeQ==",
      "dev": true,
      "license": "Apache-2.0",
      "bin": {
        "tsc": "bin/tsc",
        "tsserver": "bin/tsserver"
      },
      "engines": {
        "node": ">=14.17"
      }
    },
    "node_modules/undici-types": {
      "version": "6.19.8",
      "resolved": "https://bnpm.byted.org/undici-types/-/undici-types-6.19.8.tgz",
      "integrity": "sha512-ve2KP6f/JnbPBFyobGHuerC9g1FYGn/F8n1LWTwNxCEzd6IfqTwUQcNXgEtmmQ6DlRrC1hrSrBnCZPokRrDHjw==",
      "dev": true,
      "license": "MIT"
    }
  }
}
